
Microsoft Visual Studio Solution File, Format Version 12.00
# Visual Studio Version 17
VisualStudioVersion = 17.9.34511.98
MinimumVisualStudioVersion = 10.0.40219.1
Project("{9A19103F-16F7-4668-BE54-9A1E7A4F7556}") = "BibleTalkAI.ObjectPools", "BibleTalkAI.ObjectPools\BibleTalkAI.ObjectPools.csproj", "{65768003-DEE7-4585-8903-35F2AD53F1C4}"
EndProject
Project("{2150E333-8FDC-42A3-9474-1A3956D46DE8}") = ".github", ".github", "{E9DBA175-0326-45CB-B8FA-B03299E72EA7}"
	ProjectSection(SolutionItems) = preProject
		.github\CODEOWNERS = .github\CODEOWNERS
		.github\CODE_OF_CONDUCT.md = .github\CODE_OF_CONDUCT.md
		.github\FUNDING.yml = .github\FUNDING.yml
	EndProjectSection
EndProject
Project("{2150E333-8FDC-42A3-9474-1A3956D46DE8}") = "workflows", "workflows", "{A6EF12E1-B3DC-4E8A-B33A-C9ABE5D0136C}"
	ProjectSection(SolutionItems) = preProject
		.github\workflows\auto-assign.yml = .github\workflows\auto-assign.yml
		.github\workflows\pr-build.yml = .github\workflows\pr-build.yml
		.github\workflows\publish.yml = .github\workflows\publish.yml
	EndProjectSection
EndProject
Project("{2150E333-8FDC-42A3-9474-1A3956D46DE8}") = "Solution Items", "Solution Items", "{490C1976-EE9D-4F83-B8BF-925043212F54}"
	ProjectSection(SolutionItems) = preProject
		.gitignore = .gitignore
		Directory.Build.props = Directory.Build.props
		LICENSE = LICENSE
		README.md = README.md
	EndProjectSection
EndProject
Global
	GlobalSection(SolutionConfigurationPlatforms) = preSolution
		Debug|Any CPU = Debug|Any CPU
		Release|Any CPU = Release|Any CPU
	EndGlobalSection
	GlobalSection(ProjectConfigurationPlatforms) = postSolution
		{65768003-DEE7-4585-8903-35F2AD53F1C4}.Debug|Any CPU.ActiveCfg = Debug|Any CPU
		{65768003-DEE7-4585-8903-35F2AD53F1C4}.Debug|Any CPU.Build.0 = Debug|Any CPU
		{65768003-DEE7-4585-8903-35F2AD53F1C4}.Release|Any CPU.ActiveCfg = Release|Any CPU
		{65768003-DEE7-4585-8903-35F2AD53F1C4}.Release|Any CPU.Build.0 = Release|Any CPU
	EndGlobalSection
	GlobalSection(SolutionProperties) = preSolution
		HideSolutionNode = FALSE
	EndGlobalSection
	GlobalSection(NestedProjects) = preSolution
		{A6EF12E1-B3DC-4E8A-B33A-C9ABE5D0136C} = {E9DBA175-0326-45CB-B8FA-B03299E72EA7}
	EndGlobalSection
	GlobalSection(ExtensibilityGlobals) = postSolution
		SolutionGuid = {B26EA816-B4DF-46E2-9D88-1C58FBAAC62D}
	EndGlobalSection
EndGlobal
